// !$*UTF8*$!
{
	archiveVersion = 1;
	classes = {
	};
	objectVersion = 56;
	objects = {

/* Begin PBXBuildFile section */
		8C77A79C6603CC82FC6B1AC1 /* Pods_MVVMMovie.framework in Frameworks */ = {isa = PBXBuildFile; fileRef = 9264AA63F72FF83047A8FEE8 /* Pods_MVVMMovie.framework */; };
		E613B2E6291FBEE8003A32A4 /* AppDelegate.swift in Sources */ = {isa = PBXBuildFile; fileRef = E613B2E5291FBEE8003A32A4 /* AppDelegate.swift */; };
		E613B2E8291FBEE8003A32A4 /* SceneDelegate.swift in Sources */ = {isa = PBXBuildFile; fileRef = E613B2E7291FBEE8003A32A4 /* SceneDelegate.swift */; };
		E613B2EA291FBEE8003A32A4 /* ViewController.swift in Sources */ = {isa = PBXBuildFile; fileRef = E613B2E9291FBEE8003A32A4 /* ViewController.swift */; };
		E613B2ED291FBEE8003A32A4 /* Main.storyboard in Resources */ = {isa = PBXBuildFile; fileRef = E613B2EB291FBEE8003A32A4 /* Main.storyboard */; };
		E613B2EF291FBEEA003A32A4 /* Assets.xcassets in Resources */ = {isa = PBXBuildFile; fileRef = E613B2EE291FBEEA003A32A4 /* Assets.xcassets */; };
		E613B2F2291FBEEA003A32A4 /* LaunchScreen.storyboard in Resources */ = {isa = PBXBuildFile; fileRef = E613B2F0291FBEEA003A32A4 /* LaunchScreen.storyboard */; };
/* End PBXBuildFile section */

/* Begin PBXFileReference section */
		372BCD712ACFE01C4777F086 /* Pods-MVVMMovie.release.xcconfig */ = {isa = PBXFileReference; includeInIndex = 1; lastKnownFileType = text.xcconfig; name = "Pods-MVVMMovie.release.xcconfig"; path = "Target Support Files/Pods-MVVMMovie/Pods-MVVMMovie.release.xcconfig"; sourceTree = "<group>"; };
		9264AA63F72FF83047A8FEE8 /* Pods_MVVMMovie.framework */ = {isa = PBXFileReference; explicitFileType = wrapper.framework; includeInIndex = 0; path = Pods_MVVMMovie.framework; sourceTree = BUILT_PRODUCTS_DIR; };
		BE5BB402543CE50B69B5A8DA /* Pods-MVVMMovie.debug.xcconfig */ = {isa = PBXFileReference; includeInIndex = 1; lastKnownFileType = text.xcconfig; name = "Pods-MVVMMovie.debug.xcconfig"; path = "Target Support Files/Pods-MVVMMovie/Pods-MVVMMovie.debug.xcconfig"; sourceTree = "<group>"; };
		E613B2E2291FBEE8003A32A4 /* MVVMMovie.app */ = {isa = PBXFileReference; explicitFileType = wrapper.application; includeInIndex = 0; path = MVVMMovie.app; sourceTree = BUILT_PRODUCTS_DIR; };
		E613B2E5291FBEE8003A32A4 /* AppDelegate.swift */ = {isa = PBXFileReference; lastKnownFileType = sourcecode.swift; path = AppDelegate.swift; sourceTree = "<group>"; };
		E613B2E7291FBEE8003A32A4 /* SceneDelegate.swift */ = {isa = PBXFileReference; lastKnownFileType = sourcecode.swift; path = SceneDelegate.swift; sourceTree = "<group>"; };
		E613B2E9291FBEE8003A32A4 /* ViewController.swift */ = {isa = PBXFileReference; lastKnownFileType = sourcecode.swift; path = ViewController.swift; sourceTree = "<group>"; };
		E613B2EC291FBEE8003A32A4 /* Base */ = {isa = PBXFileReference; lastKnownFileType = file.storyboard; name = Base; path = Base.lproj/Main.storyboard; sourceTree = "<group>"; };
		E613B2EE291FBEEA003A32A4 /* Assets.xcassets */ = {isa = PBXFileReference; lastKnownFileType = folder.assetcatalog; path = Assets.xcassets; sourceTree = "<group>"; };
		E613B2F1291FBEEA003A32A4 /* Base */ = {isa = PBXFileReference; lastKnownFileType = file.storyboard; name = Base; path = Base.lproj/LaunchScreen.storyboard; sourceTree = "<group>"; };
		E613B2F3291FBEEA003A32A4 /* Info.plist */ = {isa = PBXFileReference; lastKnownFileType = text.plist.xml; path = Info.plist; sourceTree = "<group>"; };
/* End PBXFileReference section */

/* Begin PBXFrameworksBuildPhase section */
		E613B2DF291FBEE8003A32A4 /* Frameworks */ = {
			isa = PBXFrameworksBuildPhase;
			buildActionMask = 2147483647;
			files = (
				8C77A79C6603CC82FC6B1AC1 /* Pods_MVVMMovie.framework in Frameworks */,
			);
			runOnlyForDeploymentPostprocessing = 0;
		};
/* End PBXFrameworksBuildPhase section */

/* Begin PBXGroup section */
		9ABA4A1929EE17153B05071E /* Frameworks */ = {
			isa = PBXGroup;
			children = (
				9264AA63F72FF83047A8FEE8 /* Pods_MVVMMovie.framework */,
			);
			name = Frameworks;
			sourceTree = "<group>";
		};
		D576A7E7E20FE1D61AD96D8D /* Pods */ = {
			isa = PBXGroup;
			children = (
				BE5BB402543CE50B69B5A8DA /* Pods-MVVMMovie.debug.xcconfig */,
				372BCD712ACFE01C4777F086 /* Pods-MVVMMovie.release.xcconfig */,
			);
			name = Pods;
			path = Pods;
			sourceTree = "<group>";
		};
		E613B2D9291FBEE8003A32A4 = {
			isa = PBXGroup;
			children = (
				E613B2E4291FBEE8003A32A4 /* MVVMMovie */,
				E613B2E3291FBEE8003A32A4 /* Products */,
				D576A7E7E20FE1D61AD96D8D /* Pods */,
				9ABA4A1929EE17153B05071E /* Frameworks */,
			);
			sourceTree = "<group>";
		};
		E613B2E3291FBEE8003A32A4 /* Products */ = {
			isa = PBXGroup;
			children = (
				E613B2E2291FBEE8003A32A4 /* MVVMMovie.app */,
			);
			name = Products;
			sourceTree = "<group>";
		};
		E613B2E4291FBEE8003A32A4 /* MVVMMovie */ = {
			isa = PBXGroup;
			children = (
				E613B2E5291FBEE8003A32A4 /* AppDelegate.swift */,
				E613B2E7291FBEE8003A32A4 /* SceneDelegate.swift */,
				E613B2E9291FBEE8003A32A4 /* ViewController.swift */,
				E613B2EB291FBEE8003A32A4 /* Main.storyboard */,
				E613B2EE291FBEEA003A32A4 /* Assets.xcassets */,
				E613B2F0291FBEEA003A32A4 /* LaunchScreen.storyboard */,
				E613B2F3291FBEEA003A32A4 /* Info.plist */,
			);
			path = MVVMMovie;
			sourceTree = "<group>";
		};
/* End PBXGroup section */

/* Begin PBXNativeTarget section */
		E613B2E1291FBEE8003A32A4 /* MVVMMovie */ = {
			isa = PBXNativeTarget;
			buildConfigurationList = E613B2F6291FBEEA003A32A4 /* Build configuration list for PBXNativeTarget "MVVMMovie" */;
			buildPhases = (
				BB21E0BD9584677B33F128A6 /* [CP] Check Pods Manifest.lock */,
				E613B2DE291FBEE8003A32A4 /* Sources */,
				E613B2DF291FBEE8003A32A4 /* Frameworks */,
				E613B2E0291FBEE8003A32A4 /* Resources */,
			);
			buildRules = (
			);
			dependencies = (
			);
			name = MVVMMovie;
			productName = MVVMMovie;
			productReference = E613B2E2291FBEE8003A32A4 /* MVVMMovie.app */;
			productType = "com.apple.product-type.application";
		};
/* End PBXNativeTarget section */

/* Begin PBXProject section */
		E613B2DA291FBEE8003A32A4 /* Project object */ = {
			isa = PBXProject;
			attributes = {
				BuildIndependentTargetsInParallel = 1;
				LastSwiftUpdateCheck = 1410;
				LastUpgradeCheck = 1410;
				TargetAttributes = {
					E613B2E1291FBEE8003A32A4 = {
						CreatedOnToolsVersion = 14.1;
					};
				};
			};
			buildConfigurationList = E613B2DD291FBEE8003A32A4 /* Build configuration list for PBXProject "MVVMMovie" */;
			compatibilityVersion = "Xcode 14.0";
			developmentRegion = en;
			hasScannedForEncodings = 0;
			knownRegions = (
				en,
				Base,
			);
			mainGroup = E613B2D9291FBEE8003A32A4;
			productRefGroup = E613B2E3291FBEE8003A32A4 /* Products */;
			projectDirPath = "";
			projectRoot = "";
			targets = (
				E613B2E1291FBEE8003A32A4 /* MVVMMovie */,
			);
		};
/* End PBXProject section */

/* Begin PBXResourcesBuildPhase section */
		E613B2E0291FBEE8003A32A4 /* Resources */ = {
			isa = PBXResourcesBuildPhase;
			buildActionMask = 2147483647;
			files = (
				E613B2F2291FBEEA003A32A4 /* LaunchScreen.storyboard in Resources */,
				E613B2EF291FBEEA003A32A4 /* Assets.xcassets in Resources */,
				E613B2ED291FBEE8003A32A4 /* Main.storyboard in Resources */,
			);
			runOnlyForDeploymentPostprocessing = 0;
		};
/* End PBXResourcesBuildPhase section */

/* Begin PBXShellScriptBuildPhase section */
		BB21E0BD9584677B33F128A6 /* [CP] Check Pods Manifest.lock */ = {
			isa = PBXShellScriptBuildPhase;
			buildActionMask = 2147483647;
			files = (
			);
			inputFileListPaths = (
			);
			inputPaths = (
				"${PODS_PODFILE_DIR_PATH}/Podfile.lock",
				"${PODS_ROOT}/Manifest.lock",
			);
			name = "[CP] Check Pods Manifest.lock";
			outputFileListPaths = (
			);
			outputPaths = (
				"$(DERIVED_FILE_DIR)/Pods-MVVMMovie-checkManifestLockResult.txt",
			);
			runOnlyForDeploymentPostprocessing = 0;
			shellPath = /bin/sh;
			shellScript = "diff \"${PODS_PODFILE_DIR_PATH}/Podfile.lock\" \"${PODS_ROOT}/Manifest.lock\" > /dev/null\nif [ $? != 0 ] ; then\n    # print error to STDERR\n    echo \"error: The sandbox is not in sync with the Podfile.lock. Run 'pod install' or update your CocoaPods installation.\" >&2\n    exit 1\nfi\n# This output is used by Xcode 'outputs' to avoid re-running this script phase.\necho \"SUCCESS\" > \"${SCRIPT_OUTPUT_FILE_0}\"\n";
			showEnvVarsInLog = 0;
		};
/* End PBXShellScriptBuildPhase section */

/* Begin PBXSourcesBuildPhase section */
		E613B2DE291FBEE8003A32A4 /* Sources */ = {
			isa = PBXSourcesBuildPhase;
			buildActionMask = 2147483647;
			files = (
				E613B2EA291FBEE8003A32A4 /* ViewController.swift in Sources */,
				E613B2E6291FBEE8003A32A4 /* AppDelegate.swift in Sources */,
				E613B2E8291FBEE8003A32A4 /* SceneDelegate.swift in Sources */,
			);
			runOnlyForDeploymentPostprocessing = 0;
		};
/* End PBXSourcesBuildPhase section */

/* Begin PBXVariantGroup section */
		E613B2EB291FBEE8003A32A4 /* Main.storyboard */ = {
			isa = PBXVariantGroup;
			children = (
				E613B2EC291FBEE8003A32A4 /* Base */,
			);
			name = Main.storyboard;
			sourceTree = "<group>";
		};
		E613B2F0291FBEEA003A32A4 /* LaunchScreen.storyboard */ = {
			isa = PBXVariantGroup;
			children = (
				E613B2F1291FBEEA003A32A4 /* Base */,
			);
			name = LaunchScreen.storyboard;
			sourceTree = "<group>";
		};
/* End PBXVariantGroup section */

/* Begin XCBuildConfiguration section */
		E613B2F4291FBEEA003A32A4 /* Debug */ = {
			isa = XCBuildConfiguration;
			buildSettings = {
				ALWAYS_SEARCH_USER_PATHS = NO;
				CLANG_ANALYZER_NONNULL = YES;
				CLANG_ANALYZER_NUMBER_OBJECT_CONVERSION = YES_AGGRESSIVE;
				CLANG_CXX_LANGUAGE_STANDARD = "gnu++20";
				CLANG_ENABLE_MODULES = YES;
				CLANG_ENABLE_OBJC_ARC = YES;
				CLANG_ENABLE_OBJC_WEAK = YES;
				CLANG_WARN_BLOCK_CAPTURE_AUTORELEASING = YES;
				CLANG_WARN_BOOL_CONVERSION = YES;
				CLANG_WARN_COMMA = YES;
				CLANG_WARN_CONSTANT_CONVERSION = YES;
				CLANG_WARN_DEPRECATED_OBJC_IMPLEMENTATIONS = YES;
				CLANG_WARN_DIRECT_OBJC_ISA_USAGE = YES_ERROR;
				CLANG_WARN_DOCUMENTATION_COMMENTS = YES;
				CLANG_WARN_EMPTY_BODY = YES;
				CLANG_WARN_ENUM_CONVERSION = YES;
				CLANG_WARN_INFINITE_RECURSION = YES;
				CLANG_WARN_INT_CONVERSION = YES;
				CLANG_WARN_NON_LITERAL_NULL_CONVERSION = YES;
				CLANG_WARN_OBJC_IMPLICIT_RETAIN_SELF = YES;
				CLANG_WARN_OBJC_LITERAL_CONVERSION = YES;
				CLANG_WARN_OBJC_ROOT_CLASS = YES_ERROR;
				CLANG_WARN_QUOTED_INCLUDE_IN_FRAMEWORK_HEADER = YES;
				CLANG_WARN_RANGE_LOOP_ANALYSIS = YES;
				CLANG_WARN_STRICT_PROTOTYPES = YES;
				CLANG_WARN_SUSPICIOUS_MOVE = YES;
				CLANG_WARN_UNGUARDED_AVAILABILITY = YES_AGGRESSIVE;
				CLANG_WARN_UNREACHABLE_CODE = YES;
				CLANG_WARN__DUPLICATE_METHOD_MATCH = YES;
				COPY_PHASE_STRIP = NO;
				DEBUG_INFORMATION_FORMAT = dwarf;
				ENABLE_STRICT_OBJC_MSGSEND = YES;
				ENABLE_TESTABILITY = YES;
				GCC_C_LANGUAGE_STANDARD = gnu11;
				GCC_DYNAMIC_NO_PIC = NO;
				GCC_NO_COMMON_BLOCKS = YES;
				GCC_OPTIMIZATION_LEVEL = 0;
				GCC_PREPROCESSOR_DEFINITIONS = (
					"DEBUG=1",
					"$(inherited)",
				);
				GCC_WARN_64_TO_32_BIT_CONVERSION = YES;
				GCC_WARN_ABOUT_RETURN_TYPE = YES_ERROR;
				GCC_WARN_UNDECLARED_SELECTOR = YES;
				GCC_WARN_UNINITIALIZED_AUTOS = YES_AGGRESSIVE;
				GCC_WARN_UNUSED_FUNCTION = YES;
				GCC_WARN_UNUSED_VARIABLE = YES;
				IPHONEOS_DEPLOYMENT_TARGET = 16.1;
				MTL_ENABLE_DEBUG_INFO = INCLUDE_SOURCE;
				MTL_FAST_MATH = YES;
				ONLY_ACTIVE_ARCH = YES;
				SDKROOT = iphoneos;
				SWIFT_ACTIVE_COMPILATION_CONDITIONS = DEBUG;
				SWIFT_OPTIMIZATION_LEVEL = "-Onone";
			};
			name = Debug;
		};
		E613B2F5291FBEEA003A32A4 /* Release */ = {
			isa = XCBuildConfiguration;
			buildSettings = {
				ALWAYS_SEARCH_USER_PATHS = NO;
				CLANG_ANALYZER_NONNULL = YES;
				CLANG_ANALYZER_NUMBER_OBJECT_CONVERSION = YES_AGGRESSIVE;
				CLANG_CXX_LANGUAGE_STANDARD = "gnu++20";
				CLANG_ENABLE_MODULES = YES;
				CLANG_ENABLE_OBJC_ARC = YES;
				CLANG_ENABLE_OBJC_WEAK = YES;
				CLANG_WARN_BLOCK_CAPTURE_AUTORELEASING = YES;
				CLANG_WARN_BOOL_CONVERSION = YES;
				CLANG_WARN_COMMA = YES;
				CLANG_WARN_CONSTANT_CONVERSION = YES;
				CLANG_WARN_DEPRECATED_OBJC_IMPLEMENTATIONS = YES;
				CLANG_WARN_DIRECT_OBJC_ISA_USAGE = YES_ERROR;
				CLANG_WARN_DOCUMENTATION_COMMENTS = YES;
				CLANG_WARN_EMPTY_BODY = YES;
				CLANG_WARN_ENUM_CONVERSION = YES;
				CLANG_WARN_INFINITE_RECURSION = YES;
				CLANG_WARN_INT_CONVERSION = YES;
				CLANG_WARN_NON_LITERAL_NULL_CONVERSION = YES;
				CLANG_WARN_OBJC_IMPLICIT_RETAIN_SELF = YES;
				CLANG_WARN_OBJC_LITERAL_CONVERSION = YES;
				CLANG_WARN_OBJC_ROOT_CLASS = YES_ERROR;
				CLANG_WARN_QUOTED_INCLUDE_IN_FRAMEWORK_HEADER = YES;
				CLANG_WARN_RANGE_LOOP_ANALYSIS = YES;
				CLANG_WARN_STRICT_PROTOTYPES = YES;
				CLANG_WARN_SUSPICIOUS_MOVE = YES;
				CLANG_WARN_UNGUARDED_AVAILABILITY = YES_AGGRESSIVE;
				CLANG_WARN_UNREACHABLE_CODE = YES;
				CLANG_WARN__DUPLICATE_METHOD_MATCH = YES;
				COPY_PHASE_STRIP = NO;
				DEBUG_INFORMATION_FORMAT = "dwarf-with-dsym";
				ENABLE_NS_ASSERTIONS = NO;
				ENABLE_STRICT_OBJC_MSGSEND = YES;
				GCC_C_LANGUAGE_STANDARD = gnu11;
				GCC_NO_COMMON_BLOCKS = YES;
				GCC_WARN_64_TO_32_BIT_CONVERSION = YES;
				GCC_WARN_ABOUT_RETURN_TYPE = YES_ERROR;
				GCC_WARN_UNDECLARED_SELECTOR = YES;
				GCC_WARN_UNINITIALIZED_AUTOS = YES_AGGRESSIVE;
				GCC_WARN_UNUSED_FUNCTION = YES;
				GCC_WARN_UNUSED_VARIABLE = YES;
				IPHONEOS_DEPLOYMENT_TARGET = 16.1;
				MTL_ENABLE_DEBUG_INFO = NO;
				MTL_FAST_MATH = YES;
				SDKROOT = iphoneos;
				SWIFT_COMPILATION_MODE = wholemodule;
				SWIFT_OPTIMIZATION_LEVEL = "-O";
				VALIDATE_PRODUCT = YES;
			};
			name = Release;
		};
		E613B2F7291FBEEA003A32A4 /* Debug */ = {
			isa = XCBuildConfiguration;
			baseConfigurationReference = BE5BB402543CE50B69B5A8DA /* Pods-MVVMMovie.debug.xcconfig */;
			buildSettings = {
				ASSETCATALOG_COMPILER_APPICON_NAME = AppIcon;
				ASSETCATALOG_COMPILER_GLOBAL_ACCENT_COLOR_NAME = AccentColor;
				CODE_SIGN_STYLE = Automatic;
				CURRENT_PROJECT_VERSION = 1;
				DEVELOPMENT_TEAM = QXM745HWL7;
				GENERATE_INFOPLIST_FILE = YES;
				INFOPLIST_FILE = MVVMMovie/Info.plist;
				INFOPLIST_KEY_UIApplicationSupportsIndirectInputEvents = YES;
				INFOPLIST_KEY_UILaunchStoryboardName = LaunchScreen;
				INFOPLIST_KEY_UIMainStoryboardFile = Main;
				INFOPLIST_KEY_UISupportedInterfaceOrientations_iPad = "UIInterfaceOrientationPortrait UIInterfaceOrientationPortraitUpsideDown UIInterfaceOrientationLandscapeLeft UIInterfaceOrientationLandscapeRight";
				INFOPLIST_KEY_UISupportedInterfaceOrientations_iPhone = "UIInterfaceOrientationPortrait UIInterfaceOrientationLandscapeLeft UIInterfaceOrientationLandscapeRight";
				LD_RUNPATH_SEARCH_PATHS = (
					"$(inherited)",
					"@executable_path/Frameworks",
				);
				MARKETING_VERSION = 1.0;
				PRODUCT_BUNDLE_IDENTIFIER = Berkay.MVVMMovie;
				PRODUCT_NAME = "$(TARGET_NAME)";
				SWIFT_EMIT_LOC_STRINGS = YES;
				SWIFT_VERSION = 5.0;
				TARGETED_DEVICE_FAMILY = "1,2";
			};
			name = Debug;
		};
		E613B2F8291FBEEA003A32A4 /* Release */ = {
			isa = XCBuildConfiguration;
			baseConfigurationReference = 372BCD712ACFE01C4777F086 /* Pods-MVVMMovie.release.xcconfig */;
			buildSettings = {
				ASSETCATALOG_COMPILER_APPICON_NAME = AppIcon;
				ASSETCATALOG_COMPILER_GLOBAL_ACCENT_COLOR_NAME = AccentColor;
				CODE_SIGN_STYLE = Automatic;
				CURRENT_PROJECT_VERSION = 1;
				DEVELOPMENT_TEAM = QXM745HWL7;
				GENERATE_INFOPLIST_FILE = YES;
				INFOPLIST_FILE = MVVMMovie/Info.plist;
				INFOPLIST_KEY_UIApplicationSupportsIndirectInputEvents = YES;
				INFOPLIST_KEY_UILaunchStoryboardName = LaunchScreen;
				INFOPLIST_KEY_UIMainStoryboardFile = Main;
				INFOPLIST_KEY_UISupportedInterfaceOrientations_iPad = "UIInterfaceOrientationPortrait UIInterfaceOrientationPortraitUpsideDown UIInterfaceOrientationLandscapeLeft UIInterfaceOrientationLandscapeRight";
				INFOPLIST_KEY_UISupportedInterfaceOrientations_iPhone = "UIInterfaceOrientationPortrait UIInterfaceOrientationLandscapeLeft UIInterfaceOrientationLandscapeRight";
				LD_RUNPATH_SEARCH_PATHS = (
					"$(inherited)",
					"@executable_path/Frameworks",
				);
				MARKETING_VERSION = 1.0;
				PRODUCT_BUNDLE_IDENTIFIER = Berkay.MVVMMovie;
				PRODUCT_NAME = "$(TARGET_NAME)";
				SWIFT_EMIT_LOC_STRINGS = YES;
				SWIFT_VERSION = 5.0;
				TARGETED_DEVICE_FAMILY = "1,2";
			};
			name = Release;
		};
/* End XCBuildConfiguration section */

/* Begin XCConfigurationList section */
		E613B2DD291FBEE8003A32A4 /* Build configuration list for PBXProject "MVVMMovie" */ = {
			isa = XCConfigurationList;
			buildConfigurations = (
				E613B2F4291FBEEA003A32A4 /* Debug */,
				E613B2F5291FBEEA003A32A4 /* Release */,
			);
			defaultConfigurationIsVisible = 0;
			defaultConfigurationName = Release;
		};
		E613B2F6291FBEEA003A32A4 /* Build configuration list for PBXNativeTarget "MVVMMovie" */ = {
			isa = XCConfigurationList;
			buildConfigurations = (
				E613B2F7291FBEEA003A32A4 /* Debug */,
				E613B2F8291FBEEA003A32A4 /* Release */,
			);
			defaultConfigurationIsVisible = 0;
			defaultConfigurationName = Release;
		};
/* End XCConfigurationList section */
	};
	rootObject = E613B2DA291FBEE8003A32A4 /* Project object */;
}
